
Microsoft Visual Studio Solution File, Format Version 12.00
# Visual Studio Version 17
VisualStudioVersion = 17.9.34622.214
MinimumVisualStudioVersion = 10.0.40219.1
Project("{FAE04EC0-301F-11D3-BF4B-00C04F79EFBC}") = "TestHh", "TestHh\TestHh.csproj", "{6C7B99BD-4BAC-4770-A8ED-BAC40D852466}"
EndProject
Project("{FAE04EC0-301F-11D3-BF4B-00C04F79EFBC}") = "TestProject", "TestProject\TestProject.csproj", "{462E4D0E-A781-411C-A571-D2BB870B359A}"
EndProject
Global
	GlobalSection(SolutionConfigurationPlatforms) = preSolution
		Debug|Any CPU = Debug|Any CPU
		Release|Any CPU = Release|Any CPU
	EndGlobalSection
	GlobalSection(ProjectConfigurationPlatforms) = postSolution
		{6C7B99BD-4BAC-4770-A8ED-BAC40D852466}.Debug|Any CPU.ActiveCfg = Debug|Any CPU
		{6C7B99BD-4BAC-4770-A8ED-BAC40D852466}.Debug|Any CPU.Build.0 = Debug|Any CPU
		{6C7B99BD-4BAC-4770-A8ED-BAC40D852466}.Release|Any CPU.ActiveCfg = Release|Any CPU
		{6C7B99BD-4BAC-4770-A8ED-BAC40D852466}.Release|Any CPU.Build.0 = Release|Any CPU
		{462E4D0E-A781-411C-A571-D2BB870B359A}.Debug|Any CPU.ActiveCfg = Debug|Any CPU
		{462E4D0E-A781-411C-A571-D2BB870B359A}.Debug|Any CPU.Build.0 = Debug|Any CPU
		{462E4D0E-A781-411C-A571-D2BB870B359A}.Release|Any CPU.ActiveCfg = Release|Any CPU
		{462E4D0E-A781-411C-A571-D2BB870B359A}.Release|Any CPU.Build.0 = Release|Any CPU
	EndGlobalSection
	GlobalSection(SolutionProperties) = preSolution
		HideSolutionNode = FALSE
	EndGlobalSection
	GlobalSection(ExtensibilityGlobals) = postSolution
		SolutionGuid = {AFE009FB-5F86-480E-8800-EF00B3DFA9D5}
	EndGlobalSection
EndGlobal
